
Microsoft Visual Studio Solution File, Format Version 12.00
# Visual Studio 14
VisualStudioVersion = 14.0.25123.0
MinimumVisualStudioVersion = 10.0.40219.1
Project("{2150E333-8FDC-42A3-9474-1A3956D46DE8}") = "core", "core", "{0DC51705-1793-4D06-99E8-CFFDF3D00205}"
EndProject
Project("{2150E333-8FDC-42A3-9474-1A3956D46DE8}") = "examples", "examples", "{A0ED69D2-1C77-439E-A331-41D509AD3596}"
EndProject
Project("{2150E333-8FDC-42A3-9474-1A3956D46DE8}") = "tests", "tests", "{83B4AAAD-2DDD-4B82-BBA4-8DB080C55ADC}"
EndProject
Project("{2150E333-8FDC-42A3-9474-1A3956D46DE8}") = "helpers", "helpers", "{611D0B9A-4A8A-4987-AE17-4A67FF6C2B6B}"
EndProject
Project("{FAE04EC0-301F-11D3-BF4B-00C04F79EFBC}") = "Impromptu", "core\Impromptu\Impromptu.csproj", "{0AC09244-643D-462F-8075-CBF1C606F90F}"
EndProject
Project("{FF286327-C783-4F7A-AB73-9BCBAD0D4460}") = "Impromptu.NuGetPackage", "core\Impromptu.NuGetPackage\Impromptu.NuGetPackage.nuproj", "{D0873B53-9DD0-45A4-847E-553553C79AA8}"
EndProject
Project("{FAE04EC0-301F-11D3-BF4B-00C04F79EFBC}") = "Impromptu.Package", "core\Impromptu.Package\Impromptu.Package.csproj", "{42DB6335-594A-410B-8ABF-CE450979685F}"
EndProject
Project("{FAE04EC0-301F-11D3-BF4B-00C04F79EFBC}") = "Impromptu.Package.Tests", "tests\Impromptu.Package.Tests\Impromptu.Package.Tests.csproj", "{2B839638-915F-428F-8DA0-6A9CEE40EBC4}"
	ProjectSection(ProjectDependencies) = postProject
		{D7BB3D5B-99C6-405F-918F-C69CDDA7214C} = {D7BB3D5B-99C6-405F-918F-C69CDDA7214C}
	EndProjectSection
EndProject
Project("{FAE04EC0-301F-11D3-BF4B-00C04F79EFBC}") = "Impromptu.Tests.IndependentProcess", "tests\helpers\Impromptu.Tests.IndependentProcess\Impromptu.Tests.IndependentProcess.csproj", "{47464643-28DA-41E2-AA7B-31DD78F10EF3}"
EndProject
Project("{FAE04EC0-301F-11D3-BF4B-00C04F79EFBC}") = "Impromptu.Tests.ISomething", "tests\helpers\Impromptu.Tests.ISomething\Impromptu.Tests.ISomething.csproj", "{17A7DE10-EFE8-469F-8543-9A0AFE0B99BD}"
EndProject
Project("{FAE04EC0-301F-11D3-BF4B-00C04F79EFBC}") = "Impromptu.Tests.Something", "tests\helpers\Impromptu.Tests.Something\Impromptu.Tests.Something.csproj", "{16915494-C4A4-46AD-8996-EE59C94E00BB}"
EndProject
Project("{FF286327-C783-4F7A-AB73-9BCBAD0D4460}") = "Impromptu.Tests.Something.NugetPackage", "tests\helpers\Impromptu.Tests.Something.NugetPackage\Impromptu.Tests.Something.NugetPackage.nuproj", "{D7BB3D5B-99C6-405F-918F-C69CDDA7214C}"
EndProject
Project("{FAE04EC0-301F-11D3-BF4B-00C04F79EFBC}") = "Impromptu.BaselneTest", "tests\Impromptu.BaselneTest\Impromptu.BaselneTest.csproj", "{DC0A75D6-3653-409C-8074-362ECA779EA8}"
EndProject
Project("{FAE04EC0-301F-11D3-BF4B-00C04F79EFBC}") = "Impromptu.Tests", "tests\Impromptu.Tests\Impromptu.Tests.csproj", "{CB36EB10-D8CD-4C9F-B0C6-082F6AA5D2AF}"
	ProjectSection(ProjectDependencies) = postProject
		{D7BB3D5B-99C6-405F-918F-C69CDDA7214C} = {D7BB3D5B-99C6-405F-918F-C69CDDA7214C}
	EndProjectSection
EndProject
Project("{2150E333-8FDC-42A3-9474-1A3956D46DE8}") = "calculator", "calculator", "{50A2AD42-D585-46E2-AB2C-7204C9F1B883}"
EndProject
Project("{FAE04EC0-301F-11D3-BF4B-00C04F79EFBC}") = "Calculator", "examples\calculator\Calculator\Calculator.csproj", "{1BD36D91-DA25-4A9B-B68C-0B413EF880C3}"
	ProjectSection(ProjectDependencies) = postProject
		{8933E1D7-3CD3-4790-9DBE-4D7D5C5E51C3} = {8933E1D7-3CD3-4790-9DBE-4D7D5C5E51C3}
		{92F5BEED-10B3-4F7F-B3A7-32D24AE136C4} = {92F5BEED-10B3-4F7F-B3A7-32D24AE136C4}
	EndProjectSection
EndProject
Project("{FAE04EC0-301F-11D3-BF4B-00C04F79EFBC}") = "Calculator.Extension", "examples\calculator\Calculator.Extension\Calculator.Extension.csproj", "{9AA79DA6-0D71-4148-A8BE-7EBCB8DD7CD1}"
EndProject
Project("{FAE04EC0-301F-11D3-BF4B-00C04F79EFBC}") = "Calculator.Extension.Additor", "examples\calculator\Calculator.Extension.Additor\Calculator.Extension.Additor.csproj", "{F22FD659-6D88-4F63-8616-E5FCC684FBB7}"
EndProject
Project("{FF286327-C783-4F7A-AB73-9BCBAD0D4460}") = "Calculator.Extension.Additor.NugetPackage", "examples\calculator\Calculator.Extension.Additor.NugetPackage\Calculator.Extension.Additor.NugetPackage.nuproj", "{8933E1D7-3CD3-4790-9DBE-4D7D5C5E51C3}"
EndProject
Project("{FAE04EC0-301F-11D3-BF4B-00C04F79EFBC}") = "Calculator.Extension.Subtractor", "examples\calculator\Calculator.Extension.Subtractor\Calculator.Extension.Subtractor.csproj", "{6D739329-CA0A-4B1B-AA3E-EB3F6DE04C7E}"
EndProject
Project("{FF286327-C783-4F7A-AB73-9BCBAD0D4460}") = "Calculator.Extension.Subtractor.NuGetPackage", "examples\calculator\Calculator.Extension.Subtractor.NuGetPackage\Calculator.Extension.Subtractor.NuGetPackage.nuproj", "{92F5BEED-10B3-4F7F-B3A7-32D24AE136C4}"
EndProject
Project("{FAE04EC0-301F-11D3-BF4B-00C04F79EFBC}") = "Calculator.SharedType", "examples\calculator\Calculator.SharedType\Calculator.SharedType.csproj", "{4C6A42A3-9D62-4F6C-967F-7E2C801E921F}"
EndProject
Global
	GlobalSection(SolutionConfigurationPlatforms) = preSolution
		Debug|Any CPU = Debug|Any CPU
		Release|Any CPU = Release|Any CPU
	EndGlobalSection
	GlobalSection(ProjectConfigurationPlatforms) = postSolution
		{0AC09244-643D-462F-8075-CBF1C606F90F}.Debug|Any CPU.ActiveCfg = Debug|Any CPU
		{0AC09244-643D-462F-8075-CBF1C606F90F}.Debug|Any CPU.Build.0 = Debug|Any CPU
		{0AC09244-643D-462F-8075-CBF1C606F90F}.Release|Any CPU.ActiveCfg = Release|Any CPU
		{0AC09244-643D-462F-8075-CBF1C606F90F}.Release|Any CPU.Build.0 = Release|Any CPU
		{D0873B53-9DD0-45A4-847E-553553C79AA8}.Debug|Any CPU.ActiveCfg = Debug|Any CPU
		{D0873B53-9DD0-45A4-847E-553553C79AA8}.Debug|Any CPU.Build.0 = Debug|Any CPU
		{D0873B53-9DD0-45A4-847E-553553C79AA8}.Release|Any CPU.ActiveCfg = Release|Any CPU
		{D0873B53-9DD0-45A4-847E-553553C79AA8}.Release|Any CPU.Build.0 = Release|Any CPU
		{42DB6335-594A-410B-8ABF-CE450979685F}.Debug|Any CPU.ActiveCfg = Debug|Any CPU
		{42DB6335-594A-410B-8ABF-CE450979685F}.Debug|Any CPU.Build.0 = Debug|Any CPU
		{42DB6335-594A-410B-8ABF-CE450979685F}.Release|Any CPU.ActiveCfg = Release|Any CPU
		{42DB6335-594A-410B-8ABF-CE450979685F}.Release|Any CPU.Build.0 = Release|Any CPU
		{2B839638-915F-428F-8DA0-6A9CEE40EBC4}.Debug|Any CPU.ActiveCfg = Debug|Any CPU
		{2B839638-915F-428F-8DA0-6A9CEE40EBC4}.Debug|Any CPU.Build.0 = Debug|Any CPU
		{2B839638-915F-428F-8DA0-6A9CEE40EBC4}.Release|Any CPU.ActiveCfg = Release|Any CPU
		{2B839638-915F-428F-8DA0-6A9CEE40EBC4}.Release|Any CPU.Build.0 = Release|Any CPU
		{47464643-28DA-41E2-AA7B-31DD78F10EF3}.Debug|Any CPU.ActiveCfg = Debug|Any CPU
		{47464643-28DA-41E2-AA7B-31DD78F10EF3}.Debug|Any CPU.Build.0 = Debug|Any CPU
		{47464643-28DA-41E2-AA7B-31DD78F10EF3}.Release|Any CPU.ActiveCfg = Release|Any CPU
		{47464643-28DA-41E2-AA7B-31DD78F10EF3}.Release|Any CPU.Build.0 = Release|Any CPU
		{17A7DE10-EFE8-469F-8543-9A0AFE0B99BD}.Debug|Any CPU.ActiveCfg = Debug|Any CPU
		{17A7DE10-EFE8-469F-8543-9A0AFE0B99BD}.Debug|Any CPU.Build.0 = Debug|Any CPU
		{17A7DE10-EFE8-469F-8543-9A0AFE0B99BD}.Release|Any CPU.ActiveCfg = Release|Any CPU
		{17A7DE10-EFE8-469F-8543-9A0AFE0B99BD}.Release|Any CPU.Build.0 = Release|Any CPU
		{16915494-C4A4-46AD-8996-EE59C94E00BB}.Debug|Any CPU.ActiveCfg = Debug|Any CPU
		{16915494-C4A4-46AD-8996-EE59C94E00BB}.Debug|Any CPU.Build.0 = Debug|Any CPU
		{16915494-C4A4-46AD-8996-EE59C94E00BB}.Release|Any CPU.ActiveCfg = Release|Any CPU
		{16915494-C4A4-46AD-8996-EE59C94E00BB}.Release|Any CPU.Build.0 = Release|Any CPU
		{D7BB3D5B-99C6-405F-918F-C69CDDA7214C}.Debug|Any CPU.ActiveCfg = Debug|Any CPU
		{D7BB3D5B-99C6-405F-918F-C69CDDA7214C}.Debug|Any CPU.Build.0 = Debug|Any CPU
		{D7BB3D5B-99C6-405F-918F-C69CDDA7214C}.Release|Any CPU.ActiveCfg = Release|Any CPU
		{D7BB3D5B-99C6-405F-918F-C69CDDA7214C}.Release|Any CPU.Build.0 = Release|Any CPU
		{DC0A75D6-3653-409C-8074-362ECA779EA8}.Debug|Any CPU.ActiveCfg = Debug|Any CPU
		{DC0A75D6-3653-409C-8074-362ECA779EA8}.Debug|Any CPU.Build.0 = Debug|Any CPU
		{DC0A75D6-3653-409C-8074-362ECA779EA8}.Release|Any CPU.ActiveCfg = Release|Any CPU
		{DC0A75D6-3653-409C-8074-362ECA779EA8}.Release|Any CPU.Build.0 = Release|Any CPU
		{CB36EB10-D8CD-4C9F-B0C6-082F6AA5D2AF}.Debug|Any CPU.ActiveCfg = Debug|Any CPU
		{CB36EB10-D8CD-4C9F-B0C6-082F6AA5D2AF}.Debug|Any CPU.Build.0 = Debug|Any CPU
		{CB36EB10-D8CD-4C9F-B0C6-082F6AA5D2AF}.Release|Any CPU.ActiveCfg = Release|Any CPU
		{CB36EB10-D8CD-4C9F-B0C6-082F6AA5D2AF}.Release|Any CPU.Build.0 = Release|Any CPU
		{1BD36D91-DA25-4A9B-B68C-0B413EF880C3}.Debug|Any CPU.ActiveCfg = Debug|Any CPU
		{1BD36D91-DA25-4A9B-B68C-0B413EF880C3}.Debug|Any CPU.Build.0 = Debug|Any CPU
		{1BD36D91-DA25-4A9B-B68C-0B413EF880C3}.Release|Any CPU.ActiveCfg = Release|Any CPU
		{1BD36D91-DA25-4A9B-B68C-0B413EF880C3}.Release|Any CPU.Build.0 = Release|Any CPU
		{9AA79DA6-0D71-4148-A8BE-7EBCB8DD7CD1}.Debug|Any CPU.ActiveCfg = Debug|Any CPU
		{9AA79DA6-0D71-4148-A8BE-7EBCB8DD7CD1}.Debug|Any CPU.Build.0 = Debug|Any CPU
		{9AA79DA6-0D71-4148-A8BE-7EBCB8DD7CD1}.Release|Any CPU.ActiveCfg = Release|Any CPU
		{9AA79DA6-0D71-4148-A8BE-7EBCB8DD7CD1}.Release|Any CPU.Build.0 = Release|Any CPU
		{F22FD659-6D88-4F63-8616-E5FCC684FBB7}.Debug|Any CPU.ActiveCfg = Debug|Any CPU
		{F22FD659-6D88-4F63-8616-E5FCC684FBB7}.Debug|Any CPU.Build.0 = Debug|Any CPU
		{F22FD659-6D88-4F63-8616-E5FCC684FBB7}.Release|Any CPU.ActiveCfg = Release|Any CPU
		{F22FD659-6D88-4F63-8616-E5FCC684FBB7}.Release|Any CPU.Build.0 = Release|Any CPU
		{8933E1D7-3CD3-4790-9DBE-4D7D5C5E51C3}.Debug|Any CPU.ActiveCfg = Debug|Any CPU
		{8933E1D7-3CD3-4790-9DBE-4D7D5C5E51C3}.Debug|Any CPU.Build.0 = Debug|Any CPU
		{8933E1D7-3CD3-4790-9DBE-4D7D5C5E51C3}.Release|Any CPU.ActiveCfg = Release|Any CPU
		{8933E1D7-3CD3-4790-9DBE-4D7D5C5E51C3}.Release|Any CPU.Build.0 = Release|Any CPU
		{6D739329-CA0A-4B1B-AA3E-EB3F6DE04C7E}.Debug|Any CPU.ActiveCfg = Debug|Any CPU
		{6D739329-CA0A-4B1B-AA3E-EB3F6DE04C7E}.Debug|Any CPU.Build.0 = Debug|Any CPU
		{6D739329-CA0A-4B1B-AA3E-EB3F6DE04C7E}.Release|Any CPU.ActiveCfg = Release|Any CPU
		{6D739329-CA0A-4B1B-AA3E-EB3F6DE04C7E}.Release|Any CPU.Build.0 = Release|Any CPU
		{92F5BEED-10B3-4F7F-B3A7-32D24AE136C4}.Debug|Any CPU.ActiveCfg = Debug|Any CPU
		{92F5BEED-10B3-4F7F-B3A7-32D24AE136C4}.Debug|Any CPU.Build.0 = Debug|Any CPU
		{92F5BEED-10B3-4F7F-B3A7-32D24AE136C4}.Release|Any CPU.ActiveCfg = Release|Any CPU
		{92F5BEED-10B3-4F7F-B3A7-32D24AE136C4}.Release|Any CPU.Build.0 = Release|Any CPU
		{4C6A42A3-9D62-4F6C-967F-7E2C801E921F}.Debug|Any CPU.ActiveCfg = Debug|Any CPU
		{4C6A42A3-9D62-4F6C-967F-7E2C801E921F}.Debug|Any CPU.Build.0 = Debug|Any CPU
		{4C6A42A3-9D62-4F6C-967F-7E2C801E921F}.Release|Any CPU.ActiveCfg = Release|Any CPU
		{4C6A42A3-9D62-4F6C-967F-7E2C801E921F}.Release|Any CPU.Build.0 = Release|Any CPU
	EndGlobalSection
	GlobalSection(SolutionProperties) = preSolution
		HideSolutionNode = FALSE
	EndGlobalSection
	GlobalSection(NestedProjects) = preSolution
		{611D0B9A-4A8A-4987-AE17-4A67FF6C2B6B} = {83B4AAAD-2DDD-4B82-BBA4-8DB080C55ADC}
		{0AC09244-643D-462F-8075-CBF1C606F90F} = {0DC51705-1793-4D06-99E8-CFFDF3D00205}
		{D0873B53-9DD0-45A4-847E-553553C79AA8} = {0DC51705-1793-4D06-99E8-CFFDF3D00205}
		{42DB6335-594A-410B-8ABF-CE450979685F} = {0DC51705-1793-4D06-99E8-CFFDF3D00205}
		{2B839638-915F-428F-8DA0-6A9CEE40EBC4} = {83B4AAAD-2DDD-4B82-BBA4-8DB080C55ADC}
		{47464643-28DA-41E2-AA7B-31DD78F10EF3} = {611D0B9A-4A8A-4987-AE17-4A67FF6C2B6B}
		{17A7DE10-EFE8-469F-8543-9A0AFE0B99BD} = {611D0B9A-4A8A-4987-AE17-4A67FF6C2B6B}
		{16915494-C4A4-46AD-8996-EE59C94E00BB} = {611D0B9A-4A8A-4987-AE17-4A67FF6C2B6B}
		{D7BB3D5B-99C6-405F-918F-C69CDDA7214C} = {611D0B9A-4A8A-4987-AE17-4A67FF6C2B6B}
		{DC0A75D6-3653-409C-8074-362ECA779EA8} = {83B4AAAD-2DDD-4B82-BBA4-8DB080C55ADC}
		{CB36EB10-D8CD-4C9F-B0C6-082F6AA5D2AF} = {83B4AAAD-2DDD-4B82-BBA4-8DB080C55ADC}
		{50A2AD42-D585-46E2-AB2C-7204C9F1B883} = {A0ED69D2-1C77-439E-A331-41D509AD3596}
		{1BD36D91-DA25-4A9B-B68C-0B413EF880C3} = {50A2AD42-D585-46E2-AB2C-7204C9F1B883}
		{9AA79DA6-0D71-4148-A8BE-7EBCB8DD7CD1} = {50A2AD42-D585-46E2-AB2C-7204C9F1B883}
		{F22FD659-6D88-4F63-8616-E5FCC684FBB7} = {50A2AD42-D585-46E2-AB2C-7204C9F1B883}
		{8933E1D7-3CD3-4790-9DBE-4D7D5C5E51C3} = {50A2AD42-D585-46E2-AB2C-7204C9F1B883}
		{6D739329-CA0A-4B1B-AA3E-EB3F6DE04C7E} = {50A2AD42-D585-46E2-AB2C-7204C9F1B883}
		{92F5BEED-10B3-4F7F-B3A7-32D24AE136C4} = {50A2AD42-D585-46E2-AB2C-7204C9F1B883}
		{4C6A42A3-9D62-4F6C-967F-7E2C801E921F} = {50A2AD42-D585-46E2-AB2C-7204C9F1B883}
	EndGlobalSection
EndGlobal
